{
  "version": 4,
  "terraform_version": "1.6.2",
  "serial": 42,
  "lineage": "c71fd5d9-c451-c85b-f609-2d7766253c32",
  "outputs": {},
  "resources": [
    {
      "mode": "managed",
      "type": "azurerm_linux_virtual_machine",
      "name": "p81_connector",
      "provider": "provider[\"registry.terraform.io/hashicorp/azurerm\"]",
      "instances": [
        {
          "schema_version": 0,
          "attributes": {
            "additional_capabilities": [],
            "admin_password": "Perimeter81!",
            "admin_ssh_key": [],
            "admin_username": "p81admin",
            "allow_extension_operations": true,
            "availability_set_id": "",
            "boot_diagnostics": [],
            "bypass_platform_safety_checks_on_user_schedule_enabled": false,
            "capacity_reservation_group_id": "",
            "computer_name": "p81-connector",
            "custom_data": "IyEvYmluL2Jhc2gNCmFwdC1nZXQgdXBkYXRlDQphcHQtZ2V0IGluc3RhbGwgLXkgY3VybCBkbnN1dGlscyBzb2Z0d2FyZS1wcm9wZXJ0aWVzLWNvbW1vbg0K",
            "dedicated_host_group_id": "",
            "dedicated_host_id": "",
            "disable_password_authentication": false,
            "disk_controller_type": "SCSI",
            "edge_zone": "",
            "encryption_at_host_enabled": false,
            "eviction_policy": "",
            "extensions_time_budget": "PT1H30M",
            "gallery_application": [],
            "id": "/subscriptions/9f0d713a-62a6-4563-a169-9da23ac9c5cf/resourceGroups/perimeter81-rsg/providers/Microsoft.Compute/virtualMachines/p81-connector",
            "identity": [],
            "license_type": "",
            "location": "westeurope",
            "max_bid_price": -1,
            "name": "p81-connector",
            "network_interface_ids": [
              "/subscriptions/9f0d713a-62a6-4563-a169-9da23ac9c5cf/resourceGroups/perimeter81-rsg/providers/Microsoft.Network/networkInterfaces/p81-connector-nic"
            ],
            "os_disk": [
              {
                "caching": "ReadWrite",
                "diff_disk_settings": [],
                "disk_encryption_set_id": "",
                "disk_size_gb": 30,
                "name": "p81-connector_OsDisk_1_7e50a695d4c6401db2b36f0afc82e26b",
                "secure_vm_disk_encryption_set_id": "",
                "security_encryption_type": "",
                "storage_account_type": "Standard_LRS",
                "write_accelerator_enabled": false
              }
            ],
            "os_image_notification": [],
            "patch_assessment_mode": "ImageDefault",
            "patch_mode": "ImageDefault",
            "plan": [],
            "platform_fault_domain": -1,
            "priority": "Regular",
            "private_ip_address": "10.81.1.4",
            "private_ip_addresses": [
              "10.81.1.4"
            ],
            "provision_vm_agent": true,
            "proximity_placement_group_id": "",
            "public_ip_address": "52.233.161.162",
            "public_ip_addresses": [
              "52.233.161.162"
            ],
            "reboot_setting": "",
            "resource_group_name": "perimeter81-rsg",
            "secret": [],
            "secure_boot_enabled": false,
            "size": "Standard_B2s",
            "source_image_id": "",
            "source_image_reference": [
              {
                "offer": "UbuntuServer",
                "publisher": "Canonical",
                "sku": "18_04-lts-gen2",
                "version": "latest"
              }
            ],
            "tags": null,
            "termination_notification": null,
            "timeouts": null,
            "user_data": "",
            "virtual_machine_id": "e6263826-224b-407f-b62e-38d6de26f36e",
            "virtual_machine_scale_set_id": "",
            "vm_agent_platform_updates_enabled": false,
            "vtpm_enabled": false,
            "zone": ""
          },
          "sensitive_attributes": [],
          "private": "eyJlMmJmYjczMC1lY2FhLTExZTYtOGY4OC0zNDM2M2JjN2M0YzAiOnsiY3JlYXRlIjoyNzAwMDAwMDAwMDAwLCJkZWxldGUiOjI3MDAwMDAwMDAwMDAsInJlYWQiOjMwMDAwMDAwMDAwMCwidXBkYXRlIjoyNzAwMDAwMDAwMDAwfX0=",
          "dependencies": [
            "azurerm_network_interface.p81_connector_nic",
            "azurerm_public_ip.p81_connector_public_ip",
            "azurerm_resource_group.perimeter81_rsg",
            "azurerm_subnet.p81_subnet",
            "azurerm_virtual_network.vnet"
          ]
        }
      ]
    },
    {
      "mode": "managed",
      "type": "azurerm_network_interface",
      "name": "p81_connector_nic",
      "provider": "provider[\"registry.terraform.io/hashicorp/azurerm\"]",
      "instances": [
        {
          "schema_version": 0,
          "attributes": {
            "applied_dns_servers": [],
            "auxiliary_mode": "",
            "auxiliary_sku": "",
            "dns_servers": [],
            "edge_zone": "",
            "enable_accelerated_networking": false,
            "enable_ip_forwarding": false,
            "id": "/subscriptions/9f0d713a-62a6-4563-a169-9da23ac9c5cf/resourceGroups/perimeter81-rsg/providers/Microsoft.Network/networkInterfaces/p81-connector-nic",
            "internal_dns_name_label": "",
            "internal_domain_name_suffix": "ws45yxqnt4wezhsbpu2btiaimc.ax.internal.cloudapp.net",
            "ip_configuration": [
              {
                "gateway_load_balancer_frontend_ip_configuration_id": "",
                "name": "internal",
                "primary": true,
                "private_ip_address": "10.81.1.4",
                "private_ip_address_allocation": "Static",
                "private_ip_address_version": "IPv4",
                "public_ip_address_id": "/subscriptions/9f0d713a-62a6-4563-a169-9da23ac9c5cf/resourceGroups/perimeter81-rsg/providers/Microsoft.Network/publicIPAddresses/p81-connector-public-ip",
                "subnet_id": "/subscriptions/9f0d713a-62a6-4563-a169-9da23ac9c5cf/resourceGroups/perimeter81-rsg/providers/Microsoft.Network/virtualNetworks/p81-vnet/subnets/p81-subnet"
              }
            ],
            "location": "westeurope",
            "mac_address": "",
            "name": "p81-connector-nic",
            "private_ip_address": "10.81.1.4",
            "private_ip_addresses": [
              "10.81.1.4"
            ],
            "resource_group_name": "perimeter81-rsg",
            "tags": null,
            "timeouts": null,
            "virtual_machine_id": ""
          },
          "sensitive_attributes": [],
          "private": "eyJlMmJmYjczMC1lY2FhLTExZTYtOGY4OC0zNDM2M2JjN2M0YzAiOnsiY3JlYXRlIjoxODAwMDAwMDAwMDAwLCJkZWxldGUiOjE4MDAwMDAwMDAwMDAsInJlYWQiOjMwMDAwMDAwMDAwMCwidXBkYXRlIjoxODAwMDAwMDAwMDAwfX0=",
          "dependencies": [
            "azurerm_public_ip.p81_connector_public_ip",
            "azurerm_resource_group.perimeter81_rsg",
            "azurerm_subnet.p81_subnet",
            "azurerm_virtual_network.vnet"
          ]
        }
      ]
    },
    {
      "mode": "managed",
      "type": "azurerm_network_interface",
      "name": "p81_win_nic",
      "provider": "provider[\"registry.terraform.io/hashicorp/azurerm\"]",
      "instances": [
        {
          "schema_version": 0,
          "attributes": {
            "applied_dns_servers": [],
            "auxiliary_mode": "",
            "auxiliary_sku": "",
            "dns_servers": [],
            "edge_zone": "",
            "enable_accelerated_networking": false,
            "enable_ip_forwarding": false,
            "id": "/subscriptions/9f0d713a-62a6-4563-a169-9da23ac9c5cf/resourceGroups/perimeter81-rsg/providers/Microsoft.Network/networkInterfaces/p81-win-nic",
            "internal_dns_name_label": "",
            "internal_domain_name_suffix": "ws45yxqnt4wezhsbpu2btiaimc.ax.internal.cloudapp.net",
            "ip_configuration": [
              {
                "gateway_load_balancer_frontend_ip_configuration_id": "",
                "name": "internal",
                "primary": true,
                "private_ip_address": "10.81.1.5",
                "private_ip_address_allocation": "Static",
                "private_ip_address_version": "IPv4",
                "public_ip_address_id": "/subscriptions/9f0d713a-62a6-4563-a169-9da23ac9c5cf/resourceGroups/perimeter81-rsg/providers/Microsoft.Network/publicIPAddresses/p81-win-public-ip",
                "subnet_id": "/subscriptions/9f0d713a-62a6-4563-a169-9da23ac9c5cf/resourceGroups/perimeter81-rsg/providers/Microsoft.Network/virtualNetworks/p81-vnet/subnets/p81-subnet"
              }
            ],
            "location": "westeurope",
            "mac_address": "",
            "name": "p81-win-nic",
            "private_ip_address": "10.81.1.5",
            "private_ip_addresses": [
              "10.81.1.5"
            ],
            "resource_group_name": "perimeter81-rsg",
            "tags": null,
            "timeouts": null,
            "virtual_machine_id": ""
          },
          "sensitive_attributes": [],
          "private": "eyJlMmJmYjczMC1lY2FhLTExZTYtOGY4OC0zNDM2M2JjN2M0YzAiOnsiY3JlYXRlIjoxODAwMDAwMDAwMDAwLCJkZWxldGUiOjE4MDAwMDAwMDAwMDAsInJlYWQiOjMwMDAwMDAwMDAwMCwidXBkYXRlIjoxODAwMDAwMDAwMDAwfX0=",
          "dependencies": [
            "azurerm_public_ip.p81_win_public_ip",
            "azurerm_resource_group.perimeter81_rsg",
            "azurerm_subnet.p81_subnet",
            "azurerm_virtual_network.vnet"
          ]
        }
      ]
    },
    {
      "mode": "managed",
      "type": "azurerm_public_ip",
      "name": "p81_connector_public_ip",
      "provider": "provider[\"registry.terraform.io/hashicorp/azurerm\"]",
      "instances": [
        {
          "schema_version": 0,
          "attributes": {
            "allocation_method": "Static",
            "ddos_protection_mode": "VirtualNetworkInherited",
            "ddos_protection_plan_id": null,
            "domain_name_label": null,
            "edge_zone": "",
            "fqdn": null,
            "id": "/subscriptions/9f0d713a-62a6-4563-a169-9da23ac9c5cf/resourceGroups/perimeter81-rsg/providers/Microsoft.Network/publicIPAddresses/p81-connector-public-ip",
            "idle_timeout_in_minutes": 4,
            "ip_address": "52.233.161.162",
            "ip_tags": null,
            "ip_version": "IPv4",
            "location": "westeurope",
            "name": "p81-connector-public-ip",
            "public_ip_prefix_id": null,
            "resource_group_name": "perimeter81-rsg",
            "reverse_fqdn": null,
            "sku": "Basic",
            "sku_tier": "Regional",
            "tags": null,
            "timeouts": null,
            "zones": null
          },
          "sensitive_attributes": [],
          "private": "eyJlMmJmYjczMC1lY2FhLTExZTYtOGY4OC0zNDM2M2JjN2M0YzAiOnsiY3JlYXRlIjoxODAwMDAwMDAwMDAwLCJkZWxldGUiOjE4MDAwMDAwMDAwMDAsInJlYWQiOjMwMDAwMDAwMDAwMCwidXBkYXRlIjoxODAwMDAwMDAwMDAwfX0="
        }
      ]
    },
    {
      "mode": "managed",
      "type": "azurerm_public_ip",
      "name": "p81_win_public_ip",
      "provider": "provider[\"registry.terraform.io/hashicorp/azurerm\"]",
      "instances": [
        {
          "schema_version": 0,
          "attributes": {
            "allocation_method": "Static",
            "ddos_protection_mode": "VirtualNetworkInherited",
            "ddos_protection_plan_id": null,
            "domain_name_label": null,
            "edge_zone": "",
            "fqdn": null,
            "id": "/subscriptions/9f0d713a-62a6-4563-a169-9da23ac9c5cf/resourceGroups/perimeter81-rsg/providers/Microsoft.Network/publicIPAddresses/p81-win-public-ip",
            "idle_timeout_in_minutes": 4,
            "ip_address": "52.233.172.14",
            "ip_tags": null,
            "ip_version": "IPv4",
            "location": "westeurope",
            "name": "p81-win-public-ip",
            "public_ip_prefix_id": null,
            "resource_group_name": "perimeter81-rsg",
            "reverse_fqdn": null,
            "sku": "Basic",
            "sku_tier": "Regional",
            "tags": null,
            "timeouts": null,
            "zones": null
          },
          "sensitive_attributes": [],
          "private": "eyJlMmJmYjczMC1lY2FhLTExZTYtOGY4OC0zNDM2M2JjN2M0YzAiOnsiY3JlYXRlIjoxODAwMDAwMDAwMDAwLCJkZWxldGUiOjE4MDAwMDAwMDAwMDAsInJlYWQiOjMwMDAwMDAwMDAwMCwidXBkYXRlIjoxODAwMDAwMDAwMDAwfX0="
        }
      ]
    },
    {
      "mode": "managed",
      "type": "azurerm_resource_group",
      "name": "perimeter81_rsg",
      "provider": "provider[\"registry.terraform.io/hashicorp/azurerm\"]",
      "instances": [
        {
          "schema_version": 0,
          "attributes": {
            "id": "/subscriptions/9f0d713a-62a6-4563-a169-9da23ac9c5cf/resourceGroups/perimeter81-rsg",
            "location": "westeurope",
            "managed_by": "",
            "name": "perimeter81-rsg",
            "tags": {},
            "timeouts": null
          },
          "sensitive_attributes": [],
          "private": "eyJlMmJmYjczMC1lY2FhLTExZTYtOGY4OC0zNDM2M2JjN2M0YzAiOnsiY3JlYXRlIjo1NDAwMDAwMDAwMDAwLCJkZWxldGUiOjU0MDAwMDAwMDAwMDAsInJlYWQiOjMwMDAwMDAwMDAwMCwidXBkYXRlIjo1NDAwMDAwMDAwMDAwfX0="
        }
      ]
    },
    {
      "mode": "managed",
      "type": "azurerm_subnet",
      "name": "p81_subnet",
      "provider": "provider[\"registry.terraform.io/hashicorp/azurerm\"]",
      "instances": [
        {
          "schema_version": 0,
          "attributes": {
            "address_prefixes": [
              "10.81.1.0/24"
            ],
            "delegation": [],
            "enforce_private_link_endpoint_network_policies": false,
            "enforce_private_link_service_network_policies": false,
            "id": "/subscriptions/9f0d713a-62a6-4563-a169-9da23ac9c5cf/resourceGroups/perimeter81-rsg/providers/Microsoft.Network/virtualNetworks/p81-vnet/subnets/p81-subnet",
            "name": "p81-subnet",
            "private_endpoint_network_policies_enabled": true,
            "private_link_service_network_policies_enabled": true,
            "resource_group_name": "perimeter81-rsg",
            "service_endpoint_policy_ids": [],
            "service_endpoints": [],
            "timeouts": null,
            "virtual_network_name": "p81-vnet"
          },
          "sensitive_attributes": [],
          "private": "eyJlMmJmYjczMC1lY2FhLTExZTYtOGY4OC0zNDM2M2JjN2M0YzAiOnsiY3JlYXRlIjoxODAwMDAwMDAwMDAwLCJkZWxldGUiOjE4MDAwMDAwMDAwMDAsInJlYWQiOjMwMDAwMDAwMDAwMCwidXBkYXRlIjoxODAwMDAwMDAwMDAwfX0=",
          "dependencies": [
            "azurerm_resource_group.perimeter81_rsg",
            "azurerm_virtual_network.vnet"
          ]
        }
      ]
    },
    {
      "mode": "managed",
      "type": "azurerm_virtual_network",
      "name": "vnet",
      "provider": "provider[\"registry.terraform.io/hashicorp/azurerm\"]",
      "instances": [
        {
          "schema_version": 0,
          "attributes": {
            "address_space": [
              "10.81.0.0/16"
            ],
            "bgp_community": "",
            "ddos_protection_plan": [],
            "dns_servers": [],
            "edge_zone": "",
            "encryption": [],
            "flow_timeout_in_minutes": 0,
            "guid": "5efcbdb4-9f0d-4cac-9e41-7d3819a00862",
            "id": "/subscriptions/9f0d713a-62a6-4563-a169-9da23ac9c5cf/resourceGroups/perimeter81-rsg/providers/Microsoft.Network/virtualNetworks/p81-vnet",
            "location": "westeurope",
            "name": "p81-vnet",
            "resource_group_name": "perimeter81-rsg",
            "subnet": [
              {
                "address_prefix": "10.81.1.0/24",
                "id": "/subscriptions/9f0d713a-62a6-4563-a169-9da23ac9c5cf/resourceGroups/perimeter81-rsg/providers/Microsoft.Network/virtualNetworks/p81-vnet/subnets/p81-subnet",
                "name": "p81-subnet",
                "security_group": ""
              }
            ],
            "tags": {},
            "timeouts": null
          },
          "sensitive_attributes": [],
          "private": "eyJlMmJmYjczMC1lY2FhLTExZTYtOGY4OC0zNDM2M2JjN2M0YzAiOnsiY3JlYXRlIjoxODAwMDAwMDAwMDAwLCJkZWxldGUiOjE4MDAwMDAwMDAwMDAsInJlYWQiOjMwMDAwMDAwMDAwMCwidXBkYXRlIjoxODAwMDAwMDAwMDAwfX0=",
          "dependencies": [
            "azurerm_resource_group.perimeter81_rsg"
          ]
        }
      ]
    },
    {
      "mode": "managed",
      "type": "azurerm_windows_virtual_machine",
      "name": "p81_win_protect",
      "provider": "provider[\"registry.terraform.io/hashicorp/azurerm\"]",
      "instances": [
        {
          "schema_version": 0,
          "attributes": {
            "additional_capabilities": [],
            "additional_unattend_content": [],
            "admin_password": "Perimeter81!",
            "admin_username": "p81admin",
            "allow_extension_operations": true,
            "availability_set_id": "",
            "boot_diagnostics": [],
            "bypass_platform_safety_checks_on_user_schedule_enabled": false,
            "capacity_reservation_group_id": "",
            "computer_name": "p81-win-protect",
            "custom_data": null,
            "dedicated_host_group_id": "",
            "dedicated_host_id": "",
            "disk_controller_type": "SCSI",
            "edge_zone": "",
            "enable_automatic_updates": true,
            "encryption_at_host_enabled": false,
            "eviction_policy": "",
            "extensions_time_budget": "PT1H30M",
            "gallery_application": [],
            "hotpatching_enabled": false,
            "id": "/subscriptions/9f0d713a-62a6-4563-a169-9da23ac9c5cf/resourceGroups/perimeter81-rsg/providers/Microsoft.Compute/virtualMachines/p81-win-protect",
            "identity": [],
            "license_type": "",
            "location": "westeurope",
            "max_bid_price": -1,
            "name": "p81-win-protect",
            "network_interface_ids": [
              "/subscriptions/9f0d713a-62a6-4563-a169-9da23ac9c5cf/resourceGroups/perimeter81-rsg/providers/Microsoft.Network/networkInterfaces/p81-win-nic"
            ],
            "os_disk": [
              {
                "caching": "ReadWrite",
                "diff_disk_settings": [],
                "disk_encryption_set_id": "",
                "disk_size_gb": 127,
                "name": "p81-win-protect_OsDisk_1_90ce91afa54a4b228d7b442c1aab717c",
                "secure_vm_disk_encryption_set_id": "",
                "security_encryption_type": "",
                "storage_account_type": "Standard_LRS",
                "write_accelerator_enabled": false
              }
            ],
            "os_image_notification": [],
            "patch_assessment_mode": "ImageDefault",
            "patch_mode": "AutomaticByOS",
            "plan": [],
            "platform_fault_domain": -1,
            "priority": "Regular",
            "private_ip_address": "10.81.1.5",
            "private_ip_addresses": [
              "10.81.1.5"
            ],
            "provision_vm_agent": true,
            "proximity_placement_group_id": "",
            "public_ip_address": "52.233.172.14",
            "public_ip_addresses": [
              "52.233.172.14"
            ],
            "reboot_setting": "",
            "resource_group_name": "perimeter81-rsg",
            "secret": [],
            "secure_boot_enabled": false,
            "size": "Standard_B1s",
            "source_image_id": "",
            "source_image_reference": [
              {
                "offer": "windows-11",
                "publisher": "MicrosoftWindowsDesktop",
                "sku": "win11-23h2-pro",
                "version": "latest"
              }
            ],
            "tags": null,
            "termination_notification": null,
            "timeouts": null,
            "timezone": "",
            "user_data": "",
            "virtual_machine_id": "c495ab0b-c22d-49e0-a839-5ceb8b9d4510",
            "virtual_machine_scale_set_id": "",
            "vm_agent_platform_updates_enabled": false,
            "vtpm_enabled": false,
            "winrm_listener": [],
            "zone": ""
          },
          "sensitive_attributes": [],
          "private": "eyJlMmJmYjczMC1lY2FhLTExZTYtOGY4OC0zNDM2M2JjN2M0YzAiOnsiY3JlYXRlIjoyNzAwMDAwMDAwMDAwLCJkZWxldGUiOjI3MDAwMDAwMDAwMDAsInJlYWQiOjMwMDAwMDAwMDAwMCwidXBkYXRlIjoyNzAwMDAwMDAwMDAwfX0=",
          "dependencies": [
            "azurerm_network_interface.p81_win_nic",
            "azurerm_public_ip.p81_win_public_ip",
            "azurerm_resource_group.perimeter81_rsg",
            "azurerm_subnet.p81_subnet",
            "azurerm_virtual_network.vnet"
          ]
        }
      ]
    }
  ],
  "check_results": null
}
